
Microsoft Visual Studio Solution File, Format Version 12.00
# Visual Studio 2013
VisualStudioVersion = 12.0.30110.0
MinimumVisualStudioVersion = 10.0.40219.1
Project("{FAE04EC0-301F-11D3-BF4B-00C04F79EFBC}") = "Tree", "Tree\Tree.csproj", "{2FE98222-D925-4032-9E3E-0584749BB571}"
EndProject
Project("{FAE04EC0-301F-11D3-BF4B-00C04F79EFBC}") = "01A. FindRootNode", "01A. FindRootNode\01A. FindRootNode.csproj", "{6492BB7F-780E-42F9-B388-5283A6FF059E}"
EndProject
Project("{FAE04EC0-301F-11D3-BF4B-00C04F79EFBC}") = "02. FindAllExeFiles", "02. FindAllExeFiles\02. FindAllExeFiles.csproj", "{3F0FB8F4-F245-46D2-AA51-674AF73FB0F3}"
EndProject
Project("{FAE04EC0-301F-11D3-BF4B-00C04F79EFBC}") = "03. MapHardDrive", "03. MapHardDrive\03. MapHardDrive.csproj", "{D0BCEFA2-F929-40AD-BB44-3A5938E2BD87}"
EndProject
Global
	GlobalSection(SolutionConfigurationPlatforms) = preSolution
		Debug|Any CPU = Debug|Any CPU
		Release|Any CPU = Release|Any CPU
	EndGlobalSection
	GlobalSection(ProjectConfigurationPlatforms) = postSolution
		{2FE98222-D925-4032-9E3E-0584749BB571}.Debug|Any CPU.ActiveCfg = Debug|Any CPU
		{2FE98222-D925-4032-9E3E-0584749BB571}.Debug|Any CPU.Build.0 = Debug|Any CPU
		{2FE98222-D925-4032-9E3E-0584749BB571}.Release|Any CPU.ActiveCfg = Release|Any CPU
		{2FE98222-D925-4032-9E3E-0584749BB571}.Release|Any CPU.Build.0 = Release|Any CPU
		{6492BB7F-780E-42F9-B388-5283A6FF059E}.Debug|Any CPU.ActiveCfg = Debug|Any CPU
		{6492BB7F-780E-42F9-B388-5283A6FF059E}.Debug|Any CPU.Build.0 = Debug|Any CPU
		{6492BB7F-780E-42F9-B388-5283A6FF059E}.Release|Any CPU.ActiveCfg = Release|Any CPU
		{6492BB7F-780E-42F9-B388-5283A6FF059E}.Release|Any CPU.Build.0 = Release|Any CPU
		{3F0FB8F4-F245-46D2-AA51-674AF73FB0F3}.Debug|Any CPU.ActiveCfg = Debug|Any CPU
		{3F0FB8F4-F245-46D2-AA51-674AF73FB0F3}.Debug|Any CPU.Build.0 = Debug|Any CPU
		{3F0FB8F4-F245-46D2-AA51-674AF73FB0F3}.Release|Any CPU.ActiveCfg = Release|Any CPU
		{3F0FB8F4-F245-46D2-AA51-674AF73FB0F3}.Release|Any CPU.Build.0 = Release|Any CPU
		{D0BCEFA2-F929-40AD-BB44-3A5938E2BD87}.Debug|Any CPU.ActiveCfg = Debug|Any CPU
		{D0BCEFA2-F929-40AD-BB44-3A5938E2BD87}.Debug|Any CPU.Build.0 = Debug|Any CPU
		{D0BCEFA2-F929-40AD-BB44-3A5938E2BD87}.Release|Any CPU.ActiveCfg = Release|Any CPU
		{D0BCEFA2-F929-40AD-BB44-3A5938E2BD87}.Release|Any CPU.Build.0 = Release|Any CPU
	EndGlobalSection
	GlobalSection(SolutionProperties) = preSolution
		HideSolutionNode = FALSE
	EndGlobalSection
EndGlobal
