
Microsoft Visual Studio Solution File, Format Version 12.00
# Visual Studio 2013
VisualStudioVersion = 12.0.30324.0
MinimumVisualStudioVersion = 10.0.40219.1
Project("{FAE04EC0-301F-11D3-BF4B-00C04F79EFBC}") = "01. WebPage", "01. WebPage\01. WebPage.csproj", "{BCD2D3FF-087C-4D7D-BB85-810F9556CE6C}"
EndProject
Project("{FAE04EC0-301F-11D3-BF4B-00C04F79EFBC}") = "02. WebGallery", "02. WebGallery\02. WebGallery.csproj", "{1751801B-13D8-4DF5-81E2-3EC422466C37}"
EndProject
Global
	GlobalSection(SolutionConfigurationPlatforms) = preSolution
		Debug|Any CPU = Debug|Any CPU
		Release|Any CPU = Release|Any CPU
	EndGlobalSection
	GlobalSection(ProjectConfigurationPlatforms) = postSolution
		{BCD2D3FF-087C-4D7D-BB85-810F9556CE6C}.Debug|Any CPU.ActiveCfg = Debug|Any CPU
		{BCD2D3FF-087C-4D7D-BB85-810F9556CE6C}.Debug|Any CPU.Build.0 = Debug|Any CPU
		{BCD2D3FF-087C-4D7D-BB85-810F9556CE6C}.Release|Any CPU.ActiveCfg = Release|Any CPU
		{BCD2D3FF-087C-4D7D-BB85-810F9556CE6C}.Release|Any CPU.Build.0 = Release|Any CPU
		{1751801B-13D8-4DF5-81E2-3EC422466C37}.Debug|Any CPU.ActiveCfg = Debug|Any CPU
		{1751801B-13D8-4DF5-81E2-3EC422466C37}.Debug|Any CPU.Build.0 = Debug|Any CPU
		{1751801B-13D8-4DF5-81E2-3EC422466C37}.Release|Any CPU.ActiveCfg = Release|Any CPU
		{1751801B-13D8-4DF5-81E2-3EC422466C37}.Release|Any CPU.Build.0 = Release|Any CPU
	EndGlobalSection
	GlobalSection(SolutionProperties) = preSolution
		HideSolutionNode = FALSE
	EndGlobalSection
EndGlobal
