
Microsoft Visual Studio Solution File, Format Version 12.00
# Visual Studio 2013
VisualStudioVersion = 12.0.30501.0
MinimumVisualStudioVersion = 10.0.40219.1
Project("{FAE04EC0-301F-11D3-BF4B-00C04F79EFBC}") = "01. TestNPlusOneQueriesPerformance", "01. TestNPlusOneQueriesPerformance\01. TestNPlusOneQueriesPerformance.csproj", "{5A83E6E4-3617-4ABE-B8FC-8B3F775F6BCC}"
EndProject
Project("{FAE04EC0-301F-11D3-BF4B-00C04F79EFBC}") = "TelerikAcademy.Database", "TelerikAcademy.Database\TelerikAcademy.Database.csproj", "{34B92D33-B221-46B0-890E-D8497A992D09}"
EndProject
Project("{FAE04EC0-301F-11D3-BF4B-00C04F79EFBC}") = "02. TestDataMaterialisationPerformance", "02. TestDataMaterialisationPerformance\02. TestDataMaterialisationPerformance.csproj", "{F49898E2-9BBB-4E68-9BDA-0F0B2392E5A3}"
EndProject
Global
	GlobalSection(SolutionConfigurationPlatforms) = preSolution
		Debug|Any CPU = Debug|Any CPU
		Release|Any CPU = Release|Any CPU
	EndGlobalSection
	GlobalSection(ProjectConfigurationPlatforms) = postSolution
		{5A83E6E4-3617-4ABE-B8FC-8B3F775F6BCC}.Debug|Any CPU.ActiveCfg = Debug|Any CPU
		{5A83E6E4-3617-4ABE-B8FC-8B3F775F6BCC}.Debug|Any CPU.Build.0 = Debug|Any CPU
		{5A83E6E4-3617-4ABE-B8FC-8B3F775F6BCC}.Release|Any CPU.ActiveCfg = Release|Any CPU
		{5A83E6E4-3617-4ABE-B8FC-8B3F775F6BCC}.Release|Any CPU.Build.0 = Release|Any CPU
		{34B92D33-B221-46B0-890E-D8497A992D09}.Debug|Any CPU.ActiveCfg = Debug|Any CPU
		{34B92D33-B221-46B0-890E-D8497A992D09}.Debug|Any CPU.Build.0 = Debug|Any CPU
		{34B92D33-B221-46B0-890E-D8497A992D09}.Release|Any CPU.ActiveCfg = Release|Any CPU
		{34B92D33-B221-46B0-890E-D8497A992D09}.Release|Any CPU.Build.0 = Release|Any CPU
		{F49898E2-9BBB-4E68-9BDA-0F0B2392E5A3}.Debug|Any CPU.ActiveCfg = Debug|Any CPU
		{F49898E2-9BBB-4E68-9BDA-0F0B2392E5A3}.Debug|Any CPU.Build.0 = Debug|Any CPU
		{F49898E2-9BBB-4E68-9BDA-0F0B2392E5A3}.Release|Any CPU.ActiveCfg = Release|Any CPU
		{F49898E2-9BBB-4E68-9BDA-0F0B2392E5A3}.Release|Any CPU.Build.0 = Release|Any CPU
	EndGlobalSection
	GlobalSection(SolutionProperties) = preSolution
		HideSolutionNode = FALSE
	EndGlobalSection
EndGlobal
