
Microsoft Visual Studio Solution File, Format Version 12.00
# Visual Studio 2013
VisualStudioVersion = 12.0.21005.1
MinimumVisualStudioVersion = 10.0.40219.1
Project("{FAE04EC0-301F-11D3-BF4B-00C04F79EFBC}") = "1. CompareTwoIntegers", "1. CompareTwoIntegers\1. CompareTwoIntegers.csproj", "{938DDD6A-B764-4799-B6B5-264E0D725372}"
EndProject
Project("{FAE04EC0-301F-11D3-BF4B-00C04F79EFBC}") = "2. PrintProductSign", "2. PrintProductSign\2. PrintProductSign.csproj", "{E7507817-59DD-4A28-8681-734E21AC5B87}"
EndProject
Project("{FAE04EC0-301F-11D3-BF4B-00C04F79EFBC}") = "3. BiggestOfThreeIntegers", "3. BiggestOfThreeIntegers\3. BiggestOfThreeIntegers.csproj", "{EAFB520C-8B74-4F28-A03B-6040558B0C88}"
EndProject
Project("{FAE04EC0-301F-11D3-BF4B-00C04F79EFBC}") = "4. SortThreeValues", "4. SortThreeValues\4. SortThreeValues.csproj", "{5327DE11-60DD-4291-9EC3-283CD5275F1F}"
EndProject
Project("{FAE04EC0-301F-11D3-BF4B-00C04F79EFBC}") = "5. DigitToWord", "5. DigitToWord\5. DigitToWord.csproj", "{4592EF51-3A55-4BA2-B26C-1EA58C0829B1}"
EndProject
Project("{FAE04EC0-301F-11D3-BF4B-00C04F79EFBC}") = "6. SolveQuadraticEquation", "6. SolveQuadraticEquation\6. SolveQuadraticEquation.csproj", "{E3B1FC5D-9672-4026-91DF-C628CB9E6A22}"
EndProject
Project("{FAE04EC0-301F-11D3-BF4B-00C04F79EFBC}") = "7. GreaterOfFive", "5. GreaterOfFive\7. GreaterOfFive.csproj", "{E00367B0-E292-4EBD-9AB1-26DF0072A7C5}"
EndProject
Project("{FAE04EC0-301F-11D3-BF4B-00C04F79EFBC}") = "8. UserChoice", "8. UserChoice\8. UserChoice.csproj", "{A956CB66-8B72-48C2-B046-E52D92AF90A6}"
EndProject
Project("{FAE04EC0-301F-11D3-BF4B-00C04F79EFBC}") = "9. SubsetSum", "9. SubsetSum\9. SubsetSum.csproj", "{FB2D5496-3824-4FF6-9EC4-63F4696EC0A6}"
EndProject
Project("{FAE04EC0-301F-11D3-BF4B-00C04F79EFBC}") = "10. BonusScore", "10. BonusScore\10. BonusScore.csproj", "{6FBD0066-A089-4589-A1B4-60CC60C389D8}"
EndProject
Project("{FAE04EC0-301F-11D3-BF4B-00C04F79EFBC}") = "11. ConverNumberToText", "11. ConverNumberToText\11. ConverNumberToText.csproj", "{BBEAE801-951D-4574-BA7E-18C366E66B6E}"
EndProject
Global
	GlobalSection(SolutionConfigurationPlatforms) = preSolution
		Debug|Any CPU = Debug|Any CPU
		Release|Any CPU = Release|Any CPU
	EndGlobalSection
	GlobalSection(ProjectConfigurationPlatforms) = postSolution
		{938DDD6A-B764-4799-B6B5-264E0D725372}.Debug|Any CPU.ActiveCfg = Debug|Any CPU
		{938DDD6A-B764-4799-B6B5-264E0D725372}.Debug|Any CPU.Build.0 = Debug|Any CPU
		{938DDD6A-B764-4799-B6B5-264E0D725372}.Release|Any CPU.ActiveCfg = Release|Any CPU
		{938DDD6A-B764-4799-B6B5-264E0D725372}.Release|Any CPU.Build.0 = Release|Any CPU
		{E7507817-59DD-4A28-8681-734E21AC5B87}.Debug|Any CPU.ActiveCfg = Debug|Any CPU
		{E7507817-59DD-4A28-8681-734E21AC5B87}.Debug|Any CPU.Build.0 = Debug|Any CPU
		{E7507817-59DD-4A28-8681-734E21AC5B87}.Release|Any CPU.ActiveCfg = Release|Any CPU
		{E7507817-59DD-4A28-8681-734E21AC5B87}.Release|Any CPU.Build.0 = Release|Any CPU
		{EAFB520C-8B74-4F28-A03B-6040558B0C88}.Debug|Any CPU.ActiveCfg = Debug|Any CPU
		{EAFB520C-8B74-4F28-A03B-6040558B0C88}.Debug|Any CPU.Build.0 = Debug|Any CPU
		{EAFB520C-8B74-4F28-A03B-6040558B0C88}.Release|Any CPU.ActiveCfg = Release|Any CPU
		{EAFB520C-8B74-4F28-A03B-6040558B0C88}.Release|Any CPU.Build.0 = Release|Any CPU
		{5327DE11-60DD-4291-9EC3-283CD5275F1F}.Debug|Any CPU.ActiveCfg = Debug|Any CPU
		{5327DE11-60DD-4291-9EC3-283CD5275F1F}.Debug|Any CPU.Build.0 = Debug|Any CPU
		{5327DE11-60DD-4291-9EC3-283CD5275F1F}.Release|Any CPU.ActiveCfg = Release|Any CPU
		{5327DE11-60DD-4291-9EC3-283CD5275F1F}.Release|Any CPU.Build.0 = Release|Any CPU
		{4592EF51-3A55-4BA2-B26C-1EA58C0829B1}.Debug|Any CPU.ActiveCfg = Debug|Any CPU
		{4592EF51-3A55-4BA2-B26C-1EA58C0829B1}.Debug|Any CPU.Build.0 = Debug|Any CPU
		{4592EF51-3A55-4BA2-B26C-1EA58C0829B1}.Release|Any CPU.ActiveCfg = Release|Any CPU
		{4592EF51-3A55-4BA2-B26C-1EA58C0829B1}.Release|Any CPU.Build.0 = Release|Any CPU
		{E3B1FC5D-9672-4026-91DF-C628CB9E6A22}.Debug|Any CPU.ActiveCfg = Debug|Any CPU
		{E3B1FC5D-9672-4026-91DF-C628CB9E6A22}.Debug|Any CPU.Build.0 = Debug|Any CPU
		{E3B1FC5D-9672-4026-91DF-C628CB9E6A22}.Release|Any CPU.ActiveCfg = Release|Any CPU
		{E3B1FC5D-9672-4026-91DF-C628CB9E6A22}.Release|Any CPU.Build.0 = Release|Any CPU
		{E00367B0-E292-4EBD-9AB1-26DF0072A7C5}.Debug|Any CPU.ActiveCfg = Debug|Any CPU
		{E00367B0-E292-4EBD-9AB1-26DF0072A7C5}.Debug|Any CPU.Build.0 = Debug|Any CPU
		{E00367B0-E292-4EBD-9AB1-26DF0072A7C5}.Release|Any CPU.ActiveCfg = Release|Any CPU
		{E00367B0-E292-4EBD-9AB1-26DF0072A7C5}.Release|Any CPU.Build.0 = Release|Any CPU
		{A956CB66-8B72-48C2-B046-E52D92AF90A6}.Debug|Any CPU.ActiveCfg = Debug|Any CPU
		{A956CB66-8B72-48C2-B046-E52D92AF90A6}.Debug|Any CPU.Build.0 = Debug|Any CPU
		{A956CB66-8B72-48C2-B046-E52D92AF90A6}.Release|Any CPU.ActiveCfg = Release|Any CPU
		{A956CB66-8B72-48C2-B046-E52D92AF90A6}.Release|Any CPU.Build.0 = Release|Any CPU
		{FB2D5496-3824-4FF6-9EC4-63F4696EC0A6}.Debug|Any CPU.ActiveCfg = Debug|Any CPU
		{FB2D5496-3824-4FF6-9EC4-63F4696EC0A6}.Debug|Any CPU.Build.0 = Debug|Any CPU
		{FB2D5496-3824-4FF6-9EC4-63F4696EC0A6}.Release|Any CPU.ActiveCfg = Release|Any CPU
		{FB2D5496-3824-4FF6-9EC4-63F4696EC0A6}.Release|Any CPU.Build.0 = Release|Any CPU
		{6FBD0066-A089-4589-A1B4-60CC60C389D8}.Debug|Any CPU.ActiveCfg = Debug|Any CPU
		{6FBD0066-A089-4589-A1B4-60CC60C389D8}.Debug|Any CPU.Build.0 = Debug|Any CPU
		{6FBD0066-A089-4589-A1B4-60CC60C389D8}.Release|Any CPU.ActiveCfg = Release|Any CPU
		{6FBD0066-A089-4589-A1B4-60CC60C389D8}.Release|Any CPU.Build.0 = Release|Any CPU
		{BBEAE801-951D-4574-BA7E-18C366E66B6E}.Debug|Any CPU.ActiveCfg = Debug|Any CPU
		{BBEAE801-951D-4574-BA7E-18C366E66B6E}.Debug|Any CPU.Build.0 = Debug|Any CPU
		{BBEAE801-951D-4574-BA7E-18C366E66B6E}.Release|Any CPU.ActiveCfg = Release|Any CPU
		{BBEAE801-951D-4574-BA7E-18C366E66B6E}.Release|Any CPU.Build.0 = Release|Any CPU
	EndGlobalSection
	GlobalSection(SolutionProperties) = preSolution
		HideSolutionNode = FALSE
	EndGlobalSection
EndGlobal
