
Microsoft Visual Studio Solution File, Format Version 12.00
# Visual Studio 2013
VisualStudioVersion = 12.0.30501.0
MinimumVisualStudioVersion = 10.0.40219.1
Project("{FAE04EC0-301F-11D3-BF4B-00C04F79EFBC}") = "ChatApp.Model", "ChatApp.Model\ChatApp.Model.csproj", "{C029C8D6-783C-42B7-8E19-19B93F31E3A3}"
EndProject
Project("{FAE04EC0-301F-11D3-BF4B-00C04F79EFBC}") = "ChatApp.Data", "ChatApp.Data\ChatApp.Data.csproj", "{B02D5624-7CCD-4F91-81C0-595A9172FCBA}"
EndProject
Project("{FAE04EC0-301F-11D3-BF4B-00C04F79EFBC}") = "ChatApp.Client", "ChatApp.Client\ChatApp.Client.csproj", "{F3AE1B0A-F3A4-482C-8F47-2E9173942605}"
EndProject
Global
	GlobalSection(SolutionConfigurationPlatforms) = preSolution
		Debug|Any CPU = Debug|Any CPU
		Release|Any CPU = Release|Any CPU
	EndGlobalSection
	GlobalSection(ProjectConfigurationPlatforms) = postSolution
		{C029C8D6-783C-42B7-8E19-19B93F31E3A3}.Debug|Any CPU.ActiveCfg = Debug|Any CPU
		{C029C8D6-783C-42B7-8E19-19B93F31E3A3}.Debug|Any CPU.Build.0 = Debug|Any CPU
		{C029C8D6-783C-42B7-8E19-19B93F31E3A3}.Release|Any CPU.ActiveCfg = Release|Any CPU
		{C029C8D6-783C-42B7-8E19-19B93F31E3A3}.Release|Any CPU.Build.0 = Release|Any CPU
		{B02D5624-7CCD-4F91-81C0-595A9172FCBA}.Debug|Any CPU.ActiveCfg = Debug|Any CPU
		{B02D5624-7CCD-4F91-81C0-595A9172FCBA}.Debug|Any CPU.Build.0 = Debug|Any CPU
		{B02D5624-7CCD-4F91-81C0-595A9172FCBA}.Release|Any CPU.ActiveCfg = Release|Any CPU
		{B02D5624-7CCD-4F91-81C0-595A9172FCBA}.Release|Any CPU.Build.0 = Release|Any CPU
		{F3AE1B0A-F3A4-482C-8F47-2E9173942605}.Debug|Any CPU.ActiveCfg = Debug|Any CPU
		{F3AE1B0A-F3A4-482C-8F47-2E9173942605}.Debug|Any CPU.Build.0 = Debug|Any CPU
		{F3AE1B0A-F3A4-482C-8F47-2E9173942605}.Release|Any CPU.ActiveCfg = Release|Any CPU
		{F3AE1B0A-F3A4-482C-8F47-2E9173942605}.Release|Any CPU.Build.0 = Release|Any CPU
	EndGlobalSection
	GlobalSection(SolutionProperties) = preSolution
		HideSolutionNode = FALSE
	EndGlobalSection
EndGlobal
