
Microsoft Visual Studio Solution File, Format Version 12.00
# Visual Studio 2013
VisualStudioVersion = 12.0.21005.1
MinimumVisualStudioVersion = 10.0.40219.1
Project("{FAE04EC0-301F-11D3-BF4B-00C04F79EFBC}") = "01. FruitTables", "01. FruitTables\01. FruitTables.csproj", "{91DEF37F-E75A-4847-B587-738CD42185CA}"
EndProject
Project("{FAE04EC0-301F-11D3-BF4B-00C04F79EFBC}") = "02. HTMLForms", "02. HTMLForms\02. HTMLForms.csproj", "{FC7C0664-DAE4-4191-9709-256D99219986}"
EndProject
Project("{FAE04EC0-301F-11D3-BF4B-00C04F79EFBC}") = "03. CalculatorForms", "03. CalculatorForms\03. CalculatorForms.csproj", "{E709B407-52A6-41E7-A291-368566E7648B}"
EndProject
Global
	GlobalSection(SolutionConfigurationPlatforms) = preSolution
		Debug|Any CPU = Debug|Any CPU
		Release|Any CPU = Release|Any CPU
	EndGlobalSection
	GlobalSection(ProjectConfigurationPlatforms) = postSolution
		{91DEF37F-E75A-4847-B587-738CD42185CA}.Debug|Any CPU.ActiveCfg = Debug|Any CPU
		{91DEF37F-E75A-4847-B587-738CD42185CA}.Debug|Any CPU.Build.0 = Debug|Any CPU
		{91DEF37F-E75A-4847-B587-738CD42185CA}.Release|Any CPU.ActiveCfg = Release|Any CPU
		{91DEF37F-E75A-4847-B587-738CD42185CA}.Release|Any CPU.Build.0 = Release|Any CPU
		{FC7C0664-DAE4-4191-9709-256D99219986}.Debug|Any CPU.ActiveCfg = Debug|Any CPU
		{FC7C0664-DAE4-4191-9709-256D99219986}.Debug|Any CPU.Build.0 = Debug|Any CPU
		{FC7C0664-DAE4-4191-9709-256D99219986}.Release|Any CPU.ActiveCfg = Release|Any CPU
		{FC7C0664-DAE4-4191-9709-256D99219986}.Release|Any CPU.Build.0 = Release|Any CPU
		{E709B407-52A6-41E7-A291-368566E7648B}.Debug|Any CPU.ActiveCfg = Debug|Any CPU
		{E709B407-52A6-41E7-A291-368566E7648B}.Debug|Any CPU.Build.0 = Debug|Any CPU
		{E709B407-52A6-41E7-A291-368566E7648B}.Release|Any CPU.ActiveCfg = Release|Any CPU
		{E709B407-52A6-41E7-A291-368566E7648B}.Release|Any CPU.Build.0 = Release|Any CPU
	EndGlobalSection
	GlobalSection(SolutionProperties) = preSolution
		HideSolutionNode = FALSE
	EndGlobalSection
EndGlobal
