
Microsoft Visual Studio Solution File, Format Version 12.00
# Visual Studio 2013
VisualStudioVersion = 12.0.30501.0
MinimumVisualStudioVersion = 10.0.40219.1
Project("{FAE04EC0-301F-11D3-BF4B-00C04F79EFBC}") = "GenerateNorthwindDBContext", "01. GenerateNorthwindDBContext\GenerateNorthwindDBContext.csproj", "{DA1038BD-F362-456F-8010-031F72A2EB36}"
EndProject
Project("{FAE04EC0-301F-11D3-BF4B-00C04F79EFBC}") = "OrmAndEntityFrameworkTesting", "OrmAndEntityFrameworkTesting\OrmAndEntityFrameworkTesting.csproj", "{C1737E0A-C111-4FA0-AF33-43ACE7863C5B}"
EndProject
Project("{FAE04EC0-301F-11D3-BF4B-00C04F79EFBC}") = "11. UsersAndGroups", "11. UsersAndGroups\11. UsersAndGroups.csproj", "{DC967F9C-8218-4CB2-B7DC-8ECD1666684E}"
EndProject
Global
	GlobalSection(SolutionConfigurationPlatforms) = preSolution
		Debug|Any CPU = Debug|Any CPU
		Release|Any CPU = Release|Any CPU
	EndGlobalSection
	GlobalSection(ProjectConfigurationPlatforms) = postSolution
		{DA1038BD-F362-456F-8010-031F72A2EB36}.Debug|Any CPU.ActiveCfg = Debug|Any CPU
		{DA1038BD-F362-456F-8010-031F72A2EB36}.Debug|Any CPU.Build.0 = Debug|Any CPU
		{DA1038BD-F362-456F-8010-031F72A2EB36}.Release|Any CPU.ActiveCfg = Release|Any CPU
		{DA1038BD-F362-456F-8010-031F72A2EB36}.Release|Any CPU.Build.0 = Release|Any CPU
		{C1737E0A-C111-4FA0-AF33-43ACE7863C5B}.Debug|Any CPU.ActiveCfg = Debug|Any CPU
		{C1737E0A-C111-4FA0-AF33-43ACE7863C5B}.Debug|Any CPU.Build.0 = Debug|Any CPU
		{C1737E0A-C111-4FA0-AF33-43ACE7863C5B}.Release|Any CPU.ActiveCfg = Release|Any CPU
		{C1737E0A-C111-4FA0-AF33-43ACE7863C5B}.Release|Any CPU.Build.0 = Release|Any CPU
		{DC967F9C-8218-4CB2-B7DC-8ECD1666684E}.Debug|Any CPU.ActiveCfg = Debug|Any CPU
		{DC967F9C-8218-4CB2-B7DC-8ECD1666684E}.Debug|Any CPU.Build.0 = Debug|Any CPU
		{DC967F9C-8218-4CB2-B7DC-8ECD1666684E}.Release|Any CPU.ActiveCfg = Release|Any CPU
		{DC967F9C-8218-4CB2-B7DC-8ECD1666684E}.Release|Any CPU.Build.0 = Release|Any CPU
	EndGlobalSection
	GlobalSection(SolutionProperties) = preSolution
		HideSolutionNode = FALSE
	EndGlobalSection
EndGlobal
