
Microsoft Visual Studio Solution File, Format Version 12.00
# Visual Studio 2013
VisualStudioVersion = 12.0.30501.0
MinimumVisualStudioVersion = 10.0.40219.1
Project("{FAE04EC0-301F-11D3-BF4B-00C04F79EFBC}") = "Exam.Models", "Exam.Models\Exam.Models.csproj", "{0B4A0DA1-9D76-44FA-9B16-E503B53A9774}"
EndProject
Project("{FAE04EC0-301F-11D3-BF4B-00C04F79EFBC}") = "Exam.Data", "Exam.Data\Exam.Data.csproj", "{565CAAED-AA83-4E8D-8973-6209A885E64A}"
EndProject
Project("{FAE04EC0-301F-11D3-BF4B-00C04F79EFBC}") = "Exam.WebApi", "Exam.WebApi\Exam.WebApi.csproj", "{E5EA4B6B-9F3F-442E-80E2-A539591903FB}"
EndProject
Global
	GlobalSection(SolutionConfigurationPlatforms) = preSolution
		Debug|Any CPU = Debug|Any CPU
		Release|Any CPU = Release|Any CPU
	EndGlobalSection
	GlobalSection(ProjectConfigurationPlatforms) = postSolution
		{0B4A0DA1-9D76-44FA-9B16-E503B53A9774}.Debug|Any CPU.ActiveCfg = Debug|Any CPU
		{0B4A0DA1-9D76-44FA-9B16-E503B53A9774}.Debug|Any CPU.Build.0 = Debug|Any CPU
		{0B4A0DA1-9D76-44FA-9B16-E503B53A9774}.Release|Any CPU.ActiveCfg = Release|Any CPU
		{0B4A0DA1-9D76-44FA-9B16-E503B53A9774}.Release|Any CPU.Build.0 = Release|Any CPU
		{565CAAED-AA83-4E8D-8973-6209A885E64A}.Debug|Any CPU.ActiveCfg = Debug|Any CPU
		{565CAAED-AA83-4E8D-8973-6209A885E64A}.Debug|Any CPU.Build.0 = Debug|Any CPU
		{565CAAED-AA83-4E8D-8973-6209A885E64A}.Release|Any CPU.ActiveCfg = Release|Any CPU
		{565CAAED-AA83-4E8D-8973-6209A885E64A}.Release|Any CPU.Build.0 = Release|Any CPU
		{E5EA4B6B-9F3F-442E-80E2-A539591903FB}.Debug|Any CPU.ActiveCfg = Debug|Any CPU
		{E5EA4B6B-9F3F-442E-80E2-A539591903FB}.Debug|Any CPU.Build.0 = Debug|Any CPU
		{E5EA4B6B-9F3F-442E-80E2-A539591903FB}.Release|Any CPU.ActiveCfg = Release|Any CPU
		{E5EA4B6B-9F3F-442E-80E2-A539591903FB}.Release|Any CPU.Build.0 = Release|Any CPU
	EndGlobalSection
	GlobalSection(SolutionProperties) = preSolution
		HideSolutionNode = FALSE
	EndGlobalSection
EndGlobal
