
Microsoft Visual Studio Solution File, Format Version 12.00
# Visual Studio 2013
VisualStudioVersion = 12.0.30324.0
MinimumVisualStudioVersion = 10.0.40219.1
Project("{FAE04EC0-301F-11D3-BF4B-00C04F79EFBC}") = "Task1", "Task1\Task1.csproj", "{4F736B01-919D-4FBD-9264-A19ECB04D936}"
EndProject
Project("{FAE04EC0-301F-11D3-BF4B-00C04F79EFBC}") = "Task2", "Task2\Task2.csproj", "{F9BAB9E6-E16E-4DD9-A4C0-B9A7A4030BA4}"
EndProject
Project("{FAE04EC0-301F-11D3-BF4B-00C04F79EFBC}") = "Task3", "Task3\Task3.csproj", "{3D7E81A3-9F28-45EF-B29C-B68DE6C67D62}"
EndProject
Global
	GlobalSection(SolutionConfigurationPlatforms) = preSolution
		Debug|Any CPU = Debug|Any CPU
		Release|Any CPU = Release|Any CPU
	EndGlobalSection
	GlobalSection(ProjectConfigurationPlatforms) = postSolution
		{4F736B01-919D-4FBD-9264-A19ECB04D936}.Debug|Any CPU.ActiveCfg = Debug|Any CPU
		{4F736B01-919D-4FBD-9264-A19ECB04D936}.Debug|Any CPU.Build.0 = Debug|Any CPU
		{4F736B01-919D-4FBD-9264-A19ECB04D936}.Release|Any CPU.ActiveCfg = Release|Any CPU
		{4F736B01-919D-4FBD-9264-A19ECB04D936}.Release|Any CPU.Build.0 = Release|Any CPU
		{F9BAB9E6-E16E-4DD9-A4C0-B9A7A4030BA4}.Debug|Any CPU.ActiveCfg = Debug|Any CPU
		{F9BAB9E6-E16E-4DD9-A4C0-B9A7A4030BA4}.Debug|Any CPU.Build.0 = Debug|Any CPU
		{F9BAB9E6-E16E-4DD9-A4C0-B9A7A4030BA4}.Release|Any CPU.ActiveCfg = Release|Any CPU
		{F9BAB9E6-E16E-4DD9-A4C0-B9A7A4030BA4}.Release|Any CPU.Build.0 = Release|Any CPU
		{3D7E81A3-9F28-45EF-B29C-B68DE6C67D62}.Debug|Any CPU.ActiveCfg = Debug|Any CPU
		{3D7E81A3-9F28-45EF-B29C-B68DE6C67D62}.Debug|Any CPU.Build.0 = Debug|Any CPU
		{3D7E81A3-9F28-45EF-B29C-B68DE6C67D62}.Release|Any CPU.ActiveCfg = Release|Any CPU
		{3D7E81A3-9F28-45EF-B29C-B68DE6C67D62}.Release|Any CPU.Build.0 = Release|Any CPU
	EndGlobalSection
	GlobalSection(SolutionProperties) = preSolution
		HideSolutionNode = FALSE
	EndGlobalSection
EndGlobal
